{
  "name": "opencl-benchmark-viewer",
  "version": "0.1.0",
  "lockfileVersion": 1,
  "requires": true,
  "dependencies": {
    "tabulator-tables": {
      "version": "4.1.5",
      "resolved": "https://registry.npmjs.org/tabulator-tables/-/tabulator-tables-4.1.5.tgz",
      "integrity": "sha512-SyXCNjbC+lSGTzoJK6/mzRcWuO0TPdvSe8kw692Jir0QJUTYpyaalvNzQB9K8lbM5LN3IIy66OjQwmhGkZrDaA=="
    },
    "typescript": {
      "version": "3.7.5",
      "resolved": "https://registry.npmjs.org/typescript/-/typescript-3.7.5.tgz",
      "integrity": "sha512-/P5lkRXkWHNAbcJIiHPfRoKqyd7bsyCma1hZNUGfn20qm64T6ZBlrzprymeu918H+mB/0rIg2gGK/BXkhhYgBw==",
      "dev": true
    }
  }
}
